
Microsoft Visual Studio Solution File, Format Version 12.00
# Visual Studio Version 17
VisualStudioVersion = 17.6.33815.320
MinimumVisualStudioVersion = 10.0.40219.1
Project("{9A19103F-16F7-4668-BE54-9A1E7A4F7556}") = "MouseTrigger", "MouseTrigger\MouseTrigger.csproj", "{9C737955-EBF7-4E6B-BC8E-8B7868DD13FF}"
EndProject
Global
	GlobalSection(SolutionConfigurationPlatforms) = preSolution
		Debug|Any CPU = Debug|Any CPU
		Release|Any CPU = Release|Any CPU
	EndGlobalSection
	GlobalSection(ProjectConfigurationPlatforms) = postSolution
		{9C737955-EBF7-4E6B-BC8E-8B7868DD13FF}.Debug|Any CPU.ActiveCfg = Debug|Any CPU
		{9C737955-EBF7-4E6B-BC8E-8B7868DD13FF}.Debug|Any CPU.Build.0 = Debug|Any CPU
		{9C737955-EBF7-4E6B-BC8E-8B7868DD13FF}.Release|Any CPU.ActiveCfg = Release|Any CPU
		{9C737955-EBF7-4E6B-BC8E-8B7868DD13FF}.Release|Any CPU.Build.0 = Release|Any CPU
	EndGlobalSection
	GlobalSection(SolutionProperties) = preSolution
		HideSolutionNode = FALSE
	EndGlobalSection
	GlobalSection(ExtensibilityGlobals) = postSolution
		SolutionGuid = {91C4DFA4-F2BE-49E9-8AF9-72B5D940B5DC}
	EndGlobalSection
EndGlobal
